// !$*UTF8*$!
{
	archiveVersion = 1;
	classes = {
	};
	objectVersion = 46;
	objects = {

/* Begin PBXBuildFile section */
		1806C8CF1DD569400097A198 /* UIViewController+Keyboard.swift in Sources */ = {isa = PBXBuildFile; fileRef = 1806C8CE1DD569400097A198 /* UIViewController+Keyboard.swift */; };
		1806C8D11DD569720097A198 /* UIView+Animation.swift in Sources */ = {isa = PBXBuildFile; fileRef = 1806C8D01DD569720097A198 /* UIView+Animation.swift */; };
		18080BB71DB9A1A40040EF40 /* ViewController.swift in Sources */ = {isa = PBXBuildFile; fileRef = 18080BB61DB9A1A40040EF40 /* ViewController.swift */; };
		18080BBF1DB9AF3C0040EF40 /* MenuViewController.swift in Sources */ = {isa = PBXBuildFile; fileRef = 18080BBE1DB9AF3C0040EF40 /* MenuViewController.swift */; };
		18080BC11DB9AFCB0040EF40 /* ConsultarDadosViewController.swift in Sources */ = {isa = PBXBuildFile; fileRef = 18080BC01DB9AFCB0040EF40 /* ConsultarDadosViewController.swift */; };
		18080BC31DB9B3CE0040EF40 /* DashboardViewController.swift in Sources */ = {isa = PBXBuildFile; fileRef = 18080BC21DB9B3CE0040EF40 /* DashboardViewController.swift */; };
		180DA6E11DD6A1C10080FB47 /* Images.xcassets in Resources */ = {isa = PBXBuildFile; fileRef = 180DA6E01DD6A1C10080FB47 /* Images.xcassets */; };
		1815BA0B1DF30868008CED50 /* icon_pendencia.png in Resources */ = {isa = PBXBuildFile; fileRef = 1815BA0A1DF30868008CED50 /* icon_pendencia.png */; };
		1815BA0E1DF33734008CED50 /* MenuEnum.swift in Sources */ = {isa = PBXBuildFile; fileRef = 1815BA0D1DF33734008CED50 /* MenuEnum.swift */; };
		1815BA111DF34419008CED50 /* DetalheExameViewController.swift in Sources */ = {isa = PBXBuildFile; fileRef = 1815BA0F1DF34419008CED50 /* DetalheExameViewController.swift */; };
		1815BA121DF34419008CED50 /* DetalheExameViewController.xib in Resources */ = {isa = PBXBuildFile; fileRef = 1815BA101DF34419008CED50 /* DetalheExameViewController.xib */; };
		1815BA171DF3573A008CED50 /* DeatalheGlicemia.swift in Sources */ = {isa = PBXBuildFile; fileRef = 1815BA161DF3573A008CED50 /* DeatalheGlicemia.swift */; };
		1815BA1B1DF49F30008CED50 /* GraficoViewController.swift in Sources */ = {isa = PBXBuildFile; fileRef = 1815BA1A1DF49F30008CED50 /* GraficoViewController.swift */; };
		1815BA1D1DF4A5C8008CED50 /* RecuperarSenhaViewController.swift in Sources */ = {isa = PBXBuildFile; fileRef = 1815BA1C1DF4A5C8008CED50 /* RecuperarSenhaViewController.swift */; };
		1848E9861DE1469D00C5BC91 /* GoogleService-Info.plist in Resources */ = {isa = PBXBuildFile; fileRef = 1848E9851DE1469D00C5BC91 /* GoogleService-Info.plist */; };
		1848E98A1DE1503800C5BC91 /* DadosFirebase.swift in Sources */ = {isa = PBXBuildFile; fileRef = 1848E9891DE1503800C5BC91 /* DadosFirebase.swift */; };
		1848E98C1DE1504F00C5BC91 /* Firebase.swift in Sources */ = {isa = PBXBuildFile; fileRef = 1848E98B1DE1504F00C5BC91 /* Firebase.swift */; };
		184F33A21DDD4F6600867076 /* LaunchScreen.storyboard in Resources */ = {isa = PBXBuildFile; fileRef = 184F33A11DDD4F6600867076 /* LaunchScreen.storyboard */; };
		185942601DF61BEF008AA1B1 /* TPKeyboardAvoiding.framework in Frameworks */ = {isa = PBXBuildFile; fileRef = 1859425F1DF61BEF008AA1B1 /* TPKeyboardAvoiding.framework */; };
		185A57061DE3D32300B8FE79 /* ConfiguracaoFirebase.swift in Sources */ = {isa = PBXBuildFile; fileRef = 185A57051DE3D32300B8FE79 /* ConfiguracaoFirebase.swift */; };
		185A57081DE3D33100B8FE79 /* UsuarioFirebase.swift in Sources */ = {isa = PBXBuildFile; fileRef = 185A57071DE3D33100B8FE79 /* UsuarioFirebase.swift */; };
		185A570A1DE3D35200B8FE79 /* GlicemiaFirebase.swift in Sources */ = {isa = PBXBuildFile; fileRef = 185A57091DE3D35200B8FE79 /* GlicemiaFirebase.swift */; };
		1865648E1DC97D090075FAAA /* CadastrarUsuarioViewController.swift in Sources */ = {isa = PBXBuildFile; fileRef = 1865648D1DC97D090075FAAA /* CadastrarUsuarioViewController.swift */; };
		186564901DC97E7F0075FAAA /* Colors.swift in Sources */ = {isa = PBXBuildFile; fileRef = 1865648F1DC97E7F0075FAAA /* Colors.swift */; };
		186564931DC987C60075FAAA /* Regex.swift in Sources */ = {isa = PBXBuildFile; fileRef = 186564921DC987C60075FAAA /* Regex.swift */; };
		188533041DCB453300173434 /* Usuario.swift in Sources */ = {isa = PBXBuildFile; fileRef = 188533031DCB453300173434 /* Usuario.swift */; };
		188533061DCB477100173434 /* RealmSwift.framework in Frameworks */ = {isa = PBXBuildFile; fileRef = 188533051DCB477100173434 /* RealmSwift.framework */; };
		18A262C91DB830FA002E32A2 /* AppDelegate.swift in Sources */ = {isa = PBXBuildFile; fileRef = 18A262C81DB830FA002E32A2 /* AppDelegate.swift */; };
		18A262CE1DB830FA002E32A2 /* Main.storyboard in Resources */ = {isa = PBXBuildFile; fileRef = 18A262CC1DB830FA002E32A2 /* Main.storyboard */; };
		18A262D11DB830FA002E32A2 /* SAD.xcdatamodeld in Sources */ = {isa = PBXBuildFile; fileRef = 18A262CF1DB830FA002E32A2 /* SAD.xcdatamodeld */; };
		18A262D31DB830FA002E32A2 /* Assets.xcassets in Resources */ = {isa = PBXBuildFile; fileRef = 18A262D21DB830FA002E32A2 /* Assets.xcassets */; };
		18A262E11DB830FA002E32A2 /* SADTests.swift in Sources */ = {isa = PBXBuildFile; fileRef = 18A262E01DB830FA002E32A2 /* SADTests.swift */; };
		18A262EC1DB830FA002E32A2 /* SADUITests.swift in Sources */ = {isa = PBXBuildFile; fileRef = 18A262EB1DB830FA002E32A2 /* SADUITests.swift */; };
		18B1FD431DD724A700E04F37 /* ConfiguracoesViewController.swift in Sources */ = {isa = PBXBuildFile; fileRef = 18B1FD421DD724A700E04F37 /* ConfiguracoesViewController.swift */; };
		18B1FD451DD7507B00E04F37 /* UITextView+Designer.swift in Sources */ = {isa = PBXBuildFile; fileRef = 18B1FD441DD7507B00E04F37 /* UITextView+Designer.swift */; };
		18B1FD471DD754BC00E04F37 /* user.jpeg in Resources */ = {isa = PBXBuildFile; fileRef = 18B1FD461DD754BC00E04F37 /* user.jpeg */; };
		18C955031DE27E9D0041B44F /* Constants.swift in Sources */ = {isa = PBXBuildFile; fileRef = 18C955021DE27E9D0041B44F /* Constants.swift */; };
		18CA7F6A1DE5870A00B34821 /* Mensagens.swift in Sources */ = {isa = PBXBuildFile; fileRef = 18CA7F691DE5870A00B34821 /* Mensagens.swift */; };
		18CA7F6E1DE5893D00B34821 /* down_red.png in Resources */ = {isa = PBXBuildFile; fileRef = 18CA7F6C1DE5893D00B34821 /* down_red.png */; };
		18CA7F6F1DE5893D00B34821 /* up_red.png in Resources */ = {isa = PBXBuildFile; fileRef = 18CA7F6D1DE5893D00B34821 /* up_red.png */; };
		18D393291DDE6E0A0037FA33 /* LaunchScreen.png in Resources */ = {isa = PBXBuildFile; fileRef = 18D393251DDE6E0A0037FA33 /* LaunchScreen.png */; };
		18D3932E1DDE70910037FA33 /* iconSAD120x120.png in Resources */ = {isa = PBXBuildFile; fileRef = 18D3932C1DDE70910037FA33 /* iconSAD120x120.png */; };
		18D3932F1DDE70910037FA33 /* iconSAD180x180.png in Resources */ = {isa = PBXBuildFile; fileRef = 18D3932D1DDE70910037FA33 /* iconSAD180x180.png */; };
		18D393321DDE7ADE0037FA33 /* Icon-App-60x60@2x.png in Resources */ = {isa = PBXBuildFile; fileRef = 18D393301DDE7ADE0037FA33 /* Icon-App-60x60@2x.png */; };
		18D393331DDE7ADE0037FA33 /* Icon-App-60x60@3x.png in Resources */ = {isa = PBXBuildFile; fileRef = 18D393311DDE7ADE0037FA33 /* Icon-App-60x60@3x.png */; };
		18D393351DDE7BF90037FA33 /* Icon-App-40x40@2x.png in Resources */ = {isa = PBXBuildFile; fileRef = 18D393341DDE7BF90037FA33 /* Icon-App-40x40@2x.png */; };
		18D393371DDE7C3B0037FA33 /* Icon-App-29x29@3x.png in Resources */ = {isa = PBXBuildFile; fileRef = 18D393361DDE7C3B0037FA33 /* Icon-App-29x29@3x.png */; };
		18D393391DDE7C7C0037FA33 /* Images-2.xcassets in Resources */ = {isa = PBXBuildFile; fileRef = 18D393381DDE7C7C0037FA33 /* Images-2.xcassets */; };
		18E93FAF1DD2816B001A7D5F /* RealizarExameViewController.swift in Sources */ = {isa = PBXBuildFile; fileRef = 18E93FAE1DD2816B001A7D5F /* RealizarExameViewController.swift */; };
		18E93FB81DD29C79001A7D5F /* Configuracao.swift in Sources */ = {isa = PBXBuildFile; fileRef = 18E93FB71DD29C79001A7D5F /* Configuracao.swift */; };
		18E93FBA1DD2BB22001A7D5F /* Glicemia.swift in Sources */ = {isa = PBXBuildFile; fileRef = 18E93FB91DD2BB22001A7D5F /* Glicemia.swift */; };
		823BCCBC0D022B5FDB8B4F0B /* Pods_SAD.framework in Frameworks */ = {isa = PBXBuildFile; fileRef = 43C737453D047CA3B52AD0C0 /* Pods_SAD.framework */; };
/* End PBXBuildFile section */

/* Begin PBXContainerItemProxy section */
		18A262DD1DB830FA002E32A2 /* PBXContainerItemProxy */ = {
			isa = PBXContainerItemProxy;
			containerPortal = 18A262BD1DB830FA002E32A2 /* Project object */;
			proxyType = 1;
			remoteGlobalIDString = 18A262C41DB830FA002E32A2;
			remoteInfo = SAD;
		};
		18A262E81DB830FA002E32A2 /* PBXContainerItemProxy */ = {
			isa = PBXContainerItemProxy;
			containerPortal = 18A262BD1DB830FA002E32A2 /* Project object */;
			proxyType = 1;
			remoteGlobalIDString = 18A262C41DB830FA002E32A2;
			remoteInfo = SAD;
		};
/* End PBXContainerItemProxy section */

/* Begin PBXFileReference section */
		152410F97D523398FC241BBD /* Pods-SAD.release.xcconfig */ = {isa = PBXFileReference; includeInIndex = 1; lastKnownFileType = text.xcconfig; name = "Pods-SAD.release.xcconfig"; path = "Pods/Target Support Files/Pods-SAD/Pods-SAD.release.xcconfig"; sourceTree = "<group>"; };
		1806C8CE1DD569400097A198 /* UIViewController+Keyboard.swift */ = {isa = PBXFileReference; fileEncoding = 4; lastKnownFileType = sourcecode.swift; path = "UIViewController+Keyboard.swift"; sourceTree = "<group>"; };
		1806C8D01DD569720097A198 /* UIView+Animation.swift */ = {isa = PBXFileReference; fileEncoding = 4; lastKnownFileType = sourcecode.swift; path = "UIView+Animation.swift"; sourceTree = "<group>"; };
		18080BA11DB838340040EF40 /* FacebookCore.framework */ = {isa = PBXFileReference; lastKnownFileType = wrapper.framework; name = FacebookCore.framework; path = "../../../../../Library/Developer/Xcode/DerivedData/SAD-aqjfvlgahpbuafhewrxiatidsxse/Build/Products/Debug-iphonesimulator/FacebookCore/FacebookCore.framework"; sourceTree = "<group>"; };
		18080BA21DB838340040EF40 /* FacebookLogin.framework */ = {isa = PBXFileReference; lastKnownFileType = wrapper.framework; name = FacebookLogin.framework; path = "../../../../../Library/Developer/Xcode/DerivedData/SAD-aqjfvlgahpbuafhewrxiatidsxse/Build/Products/Debug-iphonesimulator/FacebookLogin/FacebookLogin.framework"; sourceTree = "<group>"; };
		18080BA51DB8391B0040EF40 /* SAD.entitlements */ = {isa = PBXFileReference; lastKnownFileType = text.plist.entitlements; path = SAD.entitlements; sourceTree = "<group>"; };
		18080BA81DB85B940040EF40 /* EVReflection.framework */ = {isa = PBXFileReference; lastKnownFileType = wrapper.framework; name = EVReflection.framework; path = "../../../../../Library/Developer/Xcode/DerivedData/SAD-aqjfvlgahpbuafhewrxiatidsxse/Build/Products/Debug-iphonesimulator/EVReflection/EVReflection.framework"; sourceTree = "<group>"; };
		18080BAA1DB85DD50040EF40 /* Marshal.framework */ = {isa = PBXFileReference; lastKnownFileType = wrapper.framework; name = Marshal.framework; path = "../../../../../Library/Developer/Xcode/DerivedData/SAD-aqjfvlgahpbuafhewrxiatidsxse/Build/Products/Debug-iphonesimulator/Marshal/Marshal.framework"; sourceTree = "<group>"; };
		18080BB61DB9A1A40040EF40 /* ViewController.swift */ = {isa = PBXFileReference; fileEncoding = 4; lastKnownFileType = sourcecode.swift; path = ViewController.swift; sourceTree = "<group>"; };
		18080BBE1DB9AF3C0040EF40 /* MenuViewController.swift */ = {isa = PBXFileReference; fileEncoding = 4; lastKnownFileType = sourcecode.swift; name = MenuViewController.swift; path = SAD/MenuViewController.swift; sourceTree = SOURCE_ROOT; };
		18080BC01DB9AFCB0040EF40 /* ConsultarDadosViewController.swift */ = {isa = PBXFileReference; fileEncoding = 4; lastKnownFileType = sourcecode.swift; name = ConsultarDadosViewController.swift; path = SAD/ConsultarDadosViewController.swift; sourceTree = SOURCE_ROOT; };
		18080BC21DB9B3CE0040EF40 /* DashboardViewController.swift */ = {isa = PBXFileReference; fileEncoding = 4; lastKnownFileType = sourcecode.swift; name = DashboardViewController.swift; path = SAD/DashboardViewController.swift; sourceTree = SOURCE_ROOT; };
		180DA6E01DD6A1C10080FB47 /* Images.xcassets */ = {isa = PBXFileReference; lastKnownFileType = folder.assetcatalog; path = Images.xcassets; sourceTree = "<group>"; };
		1815BA0A1DF30868008CED50 /* icon_pendencia.png */ = {isa = PBXFileReference; lastKnownFileType = image.png; path = icon_pendencia.png; sourceTree = "<group>"; };
		1815BA0D1DF33734008CED50 /* MenuEnum.swift */ = {isa = PBXFileReference; fileEncoding = 4; lastKnownFileType = sourcecode.swift; path = MenuEnum.swift; sourceTree = SOURCE_ROOT; };
		1815BA0F1DF34419008CED50 /* DetalheExameViewController.swift */ = {isa = PBXFileReference; fileEncoding = 4; lastKnownFileType = sourcecode.swift; name = DetalheExameViewController.swift; path = SAD/DetalheExameViewController.swift; sourceTree = SOURCE_ROOT; };
		1815BA101DF34419008CED50 /* DetalheExameViewController.xib */ = {isa = PBXFileReference; fileEncoding = 4; lastKnownFileType = file.xib; name = DetalheExameViewController.xib; path = SAD/DetalheExameViewController.xib; sourceTree = SOURCE_ROOT; };
		1815BA161DF3573A008CED50 /* DeatalheGlicemia.swift */ = {isa = PBXFileReference; fileEncoding = 4; lastKnownFileType = sourcecode.swift; path = DeatalheGlicemia.swift; sourceTree = "<group>"; };
		1815BA1A1DF49F30008CED50 /* GraficoViewController.swift */ = {isa = PBXFileReference; fileEncoding = 4; lastKnownFileType = sourcecode.swift; name = GraficoViewController.swift; path = SAD/GraficoViewController.swift; sourceTree = SOURCE_ROOT; };
		1815BA1C1DF4A5C8008CED50 /* RecuperarSenhaViewController.swift */ = {isa = PBXFileReference; fileEncoding = 4; lastKnownFileType = sourcecode.swift; name = RecuperarSenhaViewController.swift; path = SAD/RecuperarSenhaViewController.swift; sourceTree = SOURCE_ROOT; };
		1848E9851DE1469D00C5BC91 /* GoogleService-Info.plist */ = {isa = PBXFileReference; fileEncoding = 4; lastKnownFileType = text.plist.xml; path = "GoogleService-Info.plist"; sourceTree = "<group>"; };
		1848E9891DE1503800C5BC91 /* DadosFirebase.swift */ = {isa = PBXFileReference; fileEncoding = 4; lastKnownFileType = sourcecode.swift; path = DadosFirebase.swift; sourceTree = "<group>"; };
		1848E98B1DE1504F00C5BC91 /* Firebase.swift */ = {isa = PBXFileReference; fileEncoding = 4; lastKnownFileType = sourcecode.swift; path = Firebase.swift; sourceTree = "<group>"; };
		184F33A11DDD4F6600867076 /* LaunchScreen.storyboard */ = {isa = PBXFileReference; fileEncoding = 4; lastKnownFileType = file.storyboard; path = LaunchScreen.storyboard; sourceTree = "<group>"; };
		1859425F1DF61BEF008AA1B1 /* TPKeyboardAvoiding.framework */ = {isa = PBXFileReference; lastKnownFileType = wrapper.framework; name = TPKeyboardAvoiding.framework; path = "../../../../../Library/Developer/Xcode/DerivedData/SAD-dsfyhshgicjdoscjotbymjrxnlim/Build/Products/Debug-iphoneos/TPKeyboardAvoiding/TPKeyboardAvoiding.framework"; sourceTree = "<group>"; };
		185942611DF61E27008AA1B1 /* -Bridging-Header.h */ = {isa = PBXFileReference; lastKnownFileType = sourcecode.c.h; path = "-Bridging-Header.h"; sourceTree = "<group>"; };
		185A57051DE3D32300B8FE79 /* ConfiguracaoFirebase.swift */ = {isa = PBXFileReference; fileEncoding = 4; lastKnownFileType = sourcecode.swift; path = ConfiguracaoFirebase.swift; sourceTree = "<group>"; };
		185A57071DE3D33100B8FE79 /* UsuarioFirebase.swift */ = {isa = PBXFileReference; fileEncoding = 4; lastKnownFileType = sourcecode.swift; path = UsuarioFirebase.swift; sourceTree = "<group>"; };
		185A57091DE3D35200B8FE79 /* GlicemiaFirebase.swift */ = {isa = PBXFileReference; fileEncoding = 4; lastKnownFileType = sourcecode.swift; path = GlicemiaFirebase.swift; sourceTree = "<group>"; };
		1865648D1DC97D090075FAAA /* CadastrarUsuarioViewController.swift */ = {isa = PBXFileReference; fileEncoding = 4; lastKnownFileType = sourcecode.swift; name = CadastrarUsuarioViewController.swift; path = SAD/CadastrarUsuarioViewController.swift; sourceTree = SOURCE_ROOT; };
		1865648F1DC97E7F0075FAAA /* Colors.swift */ = {isa = PBXFileReference; fileEncoding = 4; lastKnownFileType = sourcecode.swift; path = Colors.swift; sourceTree = "<group>"; };
		186564921DC987C60075FAAA /* Regex.swift */ = {isa = PBXFileReference; fileEncoding = 4; lastKnownFileType = sourcecode.swift; path = Regex.swift; sourceTree = "<group>"; };
		188533031DCB453300173434 /* Usuario.swift */ = {isa = PBXFileReference; fileEncoding = 4; lastKnownFileType = sourcecode.swift; path = Usuario.swift; sourceTree = "<group>"; };
		188533051DCB477100173434 /* RealmSwift.framework */ = {isa = PBXFileReference; lastKnownFileType = wrapper.framework; name = RealmSwift.framework; path = "Pods/../build/Debug-iphoneos/RealmSwift/RealmSwift.framework"; sourceTree = "<group>"; };
		18A262C51DB830FA002E32A2 /* SAD.app */ = {isa = PBXFileReference; explicitFileType = wrapper.application; includeInIndex = 0; path = SAD.app; sourceTree = BUILT_PRODUCTS_DIR; };
		18A262C81DB830FA002E32A2 /* AppDelegate.swift */ = {isa = PBXFileReference; lastKnownFileType = sourcecode.swift; path = AppDelegate.swift; sourceTree = "<group>"; };
		18A262CD1DB830FA002E32A2 /* Base */ = {isa = PBXFileReference; lastKnownFileType = file.storyboard; name = Base; path = Base.lproj/Main.storyboard; sourceTree = "<group>"; };
		18A262D01DB830FA002E32A2 /* SAD.xcdatamodel */ = {isa = PBXFileReference; lastKnownFileType = wrapper.xcdatamodel; path = SAD.xcdatamodel; sourceTree = "<group>"; };
		18A262D21DB830FA002E32A2 /* Assets.xcassets */ = {isa = PBXFileReference; lastKnownFileType = folder.assetcatalog; path = Assets.xcassets; sourceTree = "<group>"; };
		18A262D71DB830FA002E32A2 /* Info.plist */ = {isa = PBXFileReference; lastKnownFileType = text.plist.xml; path = Info.plist; sourceTree = "<group>"; };
		18A262DC1DB830FA002E32A2 /* SADTests.xctest */ = {isa = PBXFileReference; explicitFileType = wrapper.cfbundle; includeInIndex = 0; path = SADTests.xctest; sourceTree = BUILT_PRODUCTS_DIR; };
		18A262E01DB830FA002E32A2 /* SADTests.swift */ = {isa = PBXFileReference; lastKnownFileType = sourcecode.swift; path = SADTests.swift; sourceTree = "<group>"; };
		18A262E21DB830FA002E32A2 /* Info.plist */ = {isa = PBXFileReference; lastKnownFileType = text.plist.xml; path = Info.plist; sourceTree = "<group>"; };
		18A262E71DB830FA002E32A2 /* SADUITests.xctest */ = {isa = PBXFileReference; explicitFileType = wrapper.cfbundle; includeInIndex = 0; path = SADUITests.xctest; sourceTree = BUILT_PRODUCTS_DIR; };
		18A262EB1DB830FA002E32A2 /* SADUITests.swift */ = {isa = PBXFileReference; lastKnownFileType = sourcecode.swift; path = SADUITests.swift; sourceTree = "<group>"; };
		18A262ED1DB830FA002E32A2 /* Info.plist */ = {isa = PBXFileReference; lastKnownFileType = text.plist.xml; path = Info.plist; sourceTree = "<group>"; };
		18B1FD421DD724A700E04F37 /* ConfiguracoesViewController.swift */ = {isa = PBXFileReference; fileEncoding = 4; lastKnownFileType = sourcecode.swift; name = ConfiguracoesViewController.swift; path = SAD/ConfiguracoesViewController.swift; sourceTree = SOURCE_ROOT; };
		18B1FD441DD7507B00E04F37 /* UITextView+Designer.swift */ = {isa = PBXFileReference; fileEncoding = 4; lastKnownFileType = sourcecode.swift; path = "UITextView+Designer.swift"; sourceTree = "<group>"; };
		18B1FD461DD754BC00E04F37 /* user.jpeg */ = {isa = PBXFileReference; lastKnownFileType = image.jpeg; path = user.jpeg; sourceTree = "<group>"; };
		18BDB0361DDBA97400818DFC /* DatePickerDialog.framework */ = {isa = PBXFileReference; lastKnownFileType = wrapper.framework; name = DatePickerDialog.framework; path = "../../../../../Library/Developer/Xcode/DerivedData/SAD-dsfyhshgicjdoscjotbymjrxnlim/Build/Products/Debug-iphonesimulator/DatePickerDialog/DatePickerDialog.framework"; sourceTree = "<group>"; };
		18C955021DE27E9D0041B44F /* Constants.swift */ = {isa = PBXFileReference; fileEncoding = 4; lastKnownFileType = sourcecode.swift; path = Constants.swift; sourceTree = "<group>"; };
		18CA7F691DE5870A00B34821 /* Mensagens.swift */ = {isa = PBXFileReference; fileEncoding = 4; lastKnownFileType = sourcecode.swift; path = Mensagens.swift; sourceTree = "<group>"; };
		18CA7F6C1DE5893D00B34821 /* down_red.png */ = {isa = PBXFileReference; lastKnownFileType = image.png; path = down_red.png; sourceTree = "<group>"; };
		18CA7F6D1DE5893D00B34821 /* up_red.png */ = {isa = PBXFileReference; lastKnownFileType = image.png; path = up_red.png; sourceTree = "<group>"; };
		18D393251DDE6E0A0037FA33 /* LaunchScreen.png */ = {isa = PBXFileReference; lastKnownFileType = image.png; path = LaunchScreen.png; sourceTree = "<group>"; };
		18D3932C1DDE70910037FA33 /* iconSAD120x120.png */ = {isa = PBXFileReference; lastKnownFileType = image.png; path = iconSAD120x120.png; sourceTree = "<group>"; };
		18D3932D1DDE70910037FA33 /* iconSAD180x180.png */ = {isa = PBXFileReference; lastKnownFileType = image.png; path = iconSAD180x180.png; sourceTree = "<group>"; };
		18D393301DDE7ADE0037FA33 /* Icon-App-60x60@2x.png */ = {isa = PBXFileReference; lastKnownFileType = image.png; path = "Icon-App-60x60@2x.png"; sourceTree = "<group>"; };
		18D393311DDE7ADE0037FA33 /* Icon-App-60x60@3x.png */ = {isa = PBXFileReference; lastKnownFileType = image.png; path = "Icon-App-60x60@3x.png"; sourceTree = "<group>"; };
		18D393341DDE7BF90037FA33 /* Icon-App-40x40@2x.png */ = {isa = PBXFileReference; lastKnownFileType = image.png; path = "Icon-App-40x40@2x.png"; sourceTree = "<group>"; };
		18D393361DDE7C3B0037FA33 /* Icon-App-29x29@3x.png */ = {isa = PBXFileReference; lastKnownFileType = image.png; path = "Icon-App-29x29@3x.png"; sourceTree = "<group>"; };
		18D393381DDE7C7C0037FA33 /* Images-2.xcassets */ = {isa = PBXFileReference; lastKnownFileType = folder.assetcatalog; path = "Images-2.xcassets"; sourceTree = "<group>"; };
		18E93FAE1DD2816B001A7D5F /* RealizarExameViewController.swift */ = {isa = PBXFileReference; fileEncoding = 4; lastKnownFileType = sourcecode.swift; path = RealizarExameViewController.swift; sourceTree = SOURCE_ROOT; };
		18E93FB71DD29C79001A7D5F /* Configuracao.swift */ = {isa = PBXFileReference; fileEncoding = 4; lastKnownFileType = sourcecode.swift; path = Configuracao.swift; sourceTree = "<group>"; };
		18E93FB91DD2BB22001A7D5F /* Glicemia.swift */ = {isa = PBXFileReference; fileEncoding = 4; lastKnownFileType = sourcecode.swift; path = Glicemia.swift; sourceTree = "<group>"; };
		2BEE46A677B4337843261C68 /* Pods_SADUITests.framework */ = {isa = PBXFileReference; explicitFileType = wrapper.framework; includeInIndex = 0; path = Pods_SADUITests.framework; sourceTree = BUILT_PRODUCTS_DIR; };
		43C737453D047CA3B52AD0C0 /* Pods_SAD.framework */ = {isa = PBXFileReference; explicitFileType = wrapper.framework; includeInIndex = 0; path = Pods_SAD.framework; sourceTree = BUILT_PRODUCTS_DIR; };
		50ABF60ECCCF7271AABE4ECD /* Pods_SADTests.framework */ = {isa = PBXFileReference; explicitFileType = wrapper.framework; includeInIndex = 0; path = Pods_SADTests.framework; sourceTree = BUILT_PRODUCTS_DIR; };
		7BD6F7476616DA782F7AC6B6 /* Pods-SAD.debug.xcconfig */ = {isa = PBXFileReference; includeInIndex = 1; lastKnownFileType = text.xcconfig; name = "Pods-SAD.debug.xcconfig"; path = "Pods/Target Support Files/Pods-SAD/Pods-SAD.debug.xcconfig"; sourceTree = "<group>"; };
/* End PBXFileReference section */

/* Begin PBXFrameworksBuildPhase section */
		18A262C21DB830FA002E32A2 /* Frameworks */ = {
			isa = PBXFrameworksBuildPhase;
			buildActionMask = 2147483647;
			files = (
				185942601DF61BEF008AA1B1 /* TPKeyboardAvoiding.framework in Frameworks */,
				188533061DCB477100173434 /* RealmSwift.framework in Frameworks */,
				823BCCBC0D022B5FDB8B4F0B /* Pods_SAD.framework in Frameworks */,
			);
			runOnlyForDeploymentPostprocessing = 0;
		};
		18A262D91DB830FA002E32A2 /* Frameworks */ = {
			isa = PBXFrameworksBuildPhase;
			buildActionMask = 2147483647;
			files = (
			);
			runOnlyForDeploymentPostprocessing = 0;
		};
		18A262E41DB830FA002E32A2 /* Frameworks */ = {
			isa = PBXFrameworksBuildPhase;
			buildActionMask = 2147483647;
			files = (
			);
			runOnlyForDeploymentPostprocessing = 0;
		};
/* End PBXFrameworksBuildPhase section */

/* Begin PBXGroup section */
		18080BB81DB9A1DA0040EF40 /* ViewControllers */ = {
			isa = PBXGroup;
			children = (
				1815BA0F1DF34419008CED50 /* DetalheExameViewController.swift */,
				1815BA0C1DF33725008CED50 /* enums */,
				18B1FD421DD724A700E04F37 /* ConfiguracoesViewController.swift */,
				18080BBE1DB9AF3C0040EF40 /* MenuViewController.swift */,
				18080BC01DB9AFCB0040EF40 /* ConsultarDadosViewController.swift */,
				18080BC21DB9B3CE0040EF40 /* DashboardViewController.swift */,
				1865648D1DC97D090075FAAA /* CadastrarUsuarioViewController.swift */,
				18E93FAE1DD2816B001A7D5F /* RealizarExameViewController.swift */,
				1815BA1A1DF49F30008CED50 /* GraficoViewController.swift */,
				1815BA1C1DF4A5C8008CED50 /* RecuperarSenhaViewController.swift */,
			);
			path = ViewControllers;
			sourceTree = "<group>";
		};
		18080BB91DB9A1F80040EF40 /* Views */ = {
			isa = PBXGroup;
			children = (
				1815BA101DF34419008CED50 /* DetalheExameViewController.xib */,
				1865648F1DC97E7F0075FAAA /* Colors.swift */,
			);
			name = Views;
			sourceTree = "<group>";
		};
		18080BBD1DB9A64D0040EF40 /* Model */ = {
			isa = PBXGroup;
			children = (
				1815BA151DF35725008CED50 /* ViewModel */,
				185A57021DE3D2F200B8FE79 /* DTOService */,
				18C378471DCA621200098937 /* Entity */,
			);
			name = Model;
			sourceTree = "<group>";
		};
		180DA6D31DD698400080FB47 /* Sources */ = {
			isa = PBXGroup;
			children = (
				1815BA0A1DF30868008CED50 /* icon_pendencia.png */,
				18CA7F6B1DE5893D00B34821 /* arrows */,
				18D393301DDE7ADE0037FA33 /* Icon-App-60x60@2x.png */,
				18D393361DDE7C3B0037FA33 /* Icon-App-29x29@3x.png */,
				18D393311DDE7ADE0037FA33 /* Icon-App-60x60@3x.png */,
				18D393341DDE7BF90037FA33 /* Icon-App-40x40@2x.png */,
				18D3932C1DDE70910037FA33 /* iconSAD120x120.png */,
				18D3932D1DDE70910037FA33 /* iconSAD180x180.png */,
				18D393251DDE6E0A0037FA33 /* LaunchScreen.png */,
				18B1FD461DD754BC00E04F37 /* user.jpeg */,
			);
			name = Sources;
			sourceTree = "<group>";
		};
		1815BA0C1DF33725008CED50 /* enums */ = {
			isa = PBXGroup;
			children = (
				1815BA0D1DF33734008CED50 /* MenuEnum.swift */,
			);
			name = enums;
			sourceTree = "<group>";
		};
		1815BA151DF35725008CED50 /* ViewModel */ = {
			isa = PBXGroup;
			children = (
				1815BA161DF3573A008CED50 /* DeatalheGlicemia.swift */,
			);
			name = ViewModel;
			sourceTree = "<group>";
		};
		1848E9871DE14F2000C5BC91 /* Networking */ = {
			isa = PBXGroup;
			children = (
				1848E9891DE1503800C5BC91 /* DadosFirebase.swift */,
			);
			name = Networking;
			sourceTree = "<group>";
		};
		1848E9881DE14F3100C5BC91 /* Service */ = {
			isa = PBXGroup;
			children = (
				1848E98B1DE1504F00C5BC91 /* Firebase.swift */,
			);
			name = Service;
			sourceTree = "<group>";
		};
		185A57021DE3D2F200B8FE79 /* DTOService */ = {
			isa = PBXGroup;
			children = (
				185A57051DE3D32300B8FE79 /* ConfiguracaoFirebase.swift */,
				185A57071DE3D33100B8FE79 /* UsuarioFirebase.swift */,
				185A57091DE3D35200B8FE79 /* GlicemiaFirebase.swift */,
			);
			name = DTOService;
			sourceTree = "<group>";
		};
		186564911DC987BD0075FAAA /* Util */ = {
			isa = PBXGroup;
			children = (
				18C3784C1DCACC5900098937 /* Extension */,
				186564921DC987C60075FAAA /* Regex.swift */,
				18C955021DE27E9D0041B44F /* Constants.swift */,
			);
			name = Util;
			sourceTree = "<group>";
		};
		18A262BC1DB830FA002E32A2 = {
			isa = PBXGroup;
			children = (
				18A262C71DB830FA002E32A2 /* SAD */,
				18A262DF1DB830FA002E32A2 /* SADTests */,
				18A262EA1DB830FA002E32A2 /* SADUITests */,
				18A262C61DB830FA002E32A2 /* Products */,
				FAF0AECA8F9D9DADA87A16EB /* Pods */,
				FD7CF237D6E6C78F1A7F2D13 /* Frameworks */,
			);
			sourceTree = "<group>";
		};
		18A262C61DB830FA002E32A2 /* Products */ = {
			isa = PBXGroup;
			children = (
				18A262C51DB830FA002E32A2 /* SAD.app */,
				18A262DC1DB830FA002E32A2 /* SADTests.xctest */,
				18A262E71DB830FA002E32A2 /* SADUITests.xctest */,
			);
			name = Products;
			sourceTree = "<group>";
		};
		18A262C71DB830FA002E32A2 /* SAD */ = {
			isa = PBXGroup;
			children = (
				1848E9881DE14F3100C5BC91 /* Service */,
				1848E9871DE14F2000C5BC91 /* Networking */,
				180DA6D31DD698400080FB47 /* Sources */,
				186564911DC987BD0075FAAA /* Util */,
				18080BBD1DB9A64D0040EF40 /* Model */,
				18080BB91DB9A1F80040EF40 /* Views */,
				18080BB81DB9A1DA0040EF40 /* ViewControllers */,
				18080BA51DB8391B0040EF40 /* SAD.entitlements */,
				18080BB61DB9A1A40040EF40 /* ViewController.swift */,
				18A262C81DB830FA002E32A2 /* AppDelegate.swift */,
				1848E9851DE1469D00C5BC91 /* GoogleService-Info.plist */,
				18A262CC1DB830FA002E32A2 /* Main.storyboard */,
				18A262D21DB830FA002E32A2 /* Assets.xcassets */,
				18A262D71DB830FA002E32A2 /* Info.plist */,
				18A262CF1DB830FA002E32A2 /* SAD.xcdatamodeld */,
				180DA6E01DD6A1C10080FB47 /* Images.xcassets */,
				184F33A11DDD4F6600867076 /* LaunchScreen.storyboard */,
				18D393381DDE7C7C0037FA33 /* Images-2.xcassets */,
				185942611DF61E27008AA1B1 /* -Bridging-Header.h */,
			);
			path = SAD;
			sourceTree = "<group>";
		};
		18A262DF1DB830FA002E32A2 /* SADTests */ = {
			isa = PBXGroup;
			children = (
				18A262E01DB830FA002E32A2 /* SADTests.swift */,
				18A262E21DB830FA002E32A2 /* Info.plist */,
			);
			path = SADTests;
			sourceTree = "<group>";
		};
		18A262EA1DB830FA002E32A2 /* SADUITests */ = {
			isa = PBXGroup;
			children = (
				18A262EB1DB830FA002E32A2 /* SADUITests.swift */,
				18A262ED1DB830FA002E32A2 /* Info.plist */,
			);
			path = SADUITests;
			sourceTree = "<group>";
		};
		18C378471DCA621200098937 /* Entity */ = {
			isa = PBXGroup;
			children = (
				188533031DCB453300173434 /* Usuario.swift */,
				18E93FB71DD29C79001A7D5F /* Configuracao.swift */,
				18E93FB91DD2BB22001A7D5F /* Glicemia.swift */,
			);
			name = Entity;
			sourceTree = "<group>";
		};
		18C3784C1DCACC5900098937 /* Extension */ = {
			isa = PBXGroup;
			children = (
				1806C8CE1DD569400097A198 /* UIViewController+Keyboard.swift */,
				1806C8D01DD569720097A198 /* UIView+Animation.swift */,
				18B1FD441DD7507B00E04F37 /* UITextView+Designer.swift */,
				18CA7F691DE5870A00B34821 /* Mensagens.swift */,
			);
			name = Extension;
			sourceTree = "<group>";
		};
		18CA7F6B1DE5893D00B34821 /* arrows */ = {
			isa = PBXGroup;
			children = (
				18CA7F6C1DE5893D00B34821 /* down_red.png */,
				18CA7F6D1DE5893D00B34821 /* up_red.png */,
			);
			path = arrows;
			sourceTree = "<group>";
		};
		FAF0AECA8F9D9DADA87A16EB /* Pods */ = {
			isa = PBXGroup;
			children = (
				7BD6F7476616DA782F7AC6B6 /* Pods-SAD.debug.xcconfig */,
				152410F97D523398FC241BBD /* Pods-SAD.release.xcconfig */,
			);
			name = Pods;
			sourceTree = "<group>";
		};
		FD7CF237D6E6C78F1A7F2D13 /* Frameworks */ = {
			isa = PBXGroup;
			children = (
				1859425F1DF61BEF008AA1B1 /* TPKeyboardAvoiding.framework */,
				18BDB0361DDBA97400818DFC /* DatePickerDialog.framework */,
				188533051DCB477100173434 /* RealmSwift.framework */,
				18080BAA1DB85DD50040EF40 /* Marshal.framework */,
				18080BA81DB85B940040EF40 /* EVReflection.framework */,
				18080BA11DB838340040EF40 /* FacebookCore.framework */,
				18080BA21DB838340040EF40 /* FacebookLogin.framework */,
				43C737453D047CA3B52AD0C0 /* Pods_SAD.framework */,
				50ABF60ECCCF7271AABE4ECD /* Pods_SADTests.framework */,
				2BEE46A677B4337843261C68 /* Pods_SADUITests.framework */,
			);
			name = Frameworks;
			sourceTree = "<group>";
		};
/* End PBXGroup section */

/* Begin PBXNativeTarget section */
		18A262C41DB830FA002E32A2 /* SAD */ = {
			isa = PBXNativeTarget;
			buildConfigurationList = 18A262F01DB830FA002E32A2 /* Build configuration list for PBXNativeTarget "SAD" */;
			buildPhases = (
				C393D3D1A54AF7C55B931EA6 /* [CP] Check Pods Manifest.lock */,
				18A262C11DB830FA002E32A2 /* Sources */,
				18A262C21DB830FA002E32A2 /* Frameworks */,
				18A262C31DB830FA002E32A2 /* Resources */,
				3F68FFAC43ECE651FA16C37F /* [CP] Embed Pods Frameworks */,
				FDD079D022863E126834670A /* [CP] Copy Pods Resources */,
			);
			buildRules = (
			);
			dependencies = (
			);
			name = SAD;
			productName = SAD;
			productReference = 18A262C51DB830FA002E32A2 /* SAD.app */;
			productType = "com.apple.product-type.application";
		};
		18A262DB1DB830FA002E32A2 /* SADTests */ = {
			isa = PBXNativeTarget;
			buildConfigurationList = 18A262F31DB830FA002E32A2 /* Build configuration list for PBXNativeTarget "SADTests" */;
			buildPhases = (
				18A262D81DB830FA002E32A2 /* Sources */,
				18A262D91DB830FA002E32A2 /* Frameworks */,
				18A262DA1DB830FA002E32A2 /* Resources */,
			);
			buildRules = (
			);
			dependencies = (
				18A262DE1DB830FA002E32A2 /* PBXTargetDependency */,
			);
			name = SADTests;
			productName = SADTests;
			productReference = 18A262DC1DB830FA002E32A2 /* SADTests.xctest */;
			productType = "com.apple.product-type.bundle.unit-test";
		};
		18A262E61DB830FA002E32A2 /* SADUITests */ = {
			isa = PBXNativeTarget;
			buildConfigurationList = 18A262F61DB830FA002E32A2 /* Build configuration list for PBXNativeTarget "SADUITests" */;
			buildPhases = (
				18A262E31DB830FA002E32A2 /* Sources */,
				18A262E41DB830FA002E32A2 /* Frameworks */,
				18A262E51DB830FA002E32A2 /* Resources */,
			);
			buildRules = (
			);
			dependencies = (
				18A262E91DB830FA002E32A2 /* PBXTargetDependency */,
			);
			name = SADUITests;
			productName = SADUITests;
			productReference = 18A262E71DB830FA002E32A2 /* SADUITests.xctest */;
			productType = "com.apple.product-type.bundle.ui-testing";
		};
/* End PBXNativeTarget section */

/* Begin PBXProject section */
		18A262BD1DB830FA002E32A2 /* Project object */ = {
			isa = PBXProject;
			attributes = {
				LastSwiftUpdateCheck = 0800;
				LastUpgradeCheck = 0810;
				ORGANIZATIONNAME = Marcos;
				TargetAttributes = {
					18A262C41DB830FA002E32A2 = {
						CreatedOnToolsVersion = 8.0;
						DevelopmentTeam = V2686JM7D9;
						LastSwiftMigration = 0810;
						ProvisioningStyle = Automatic;
						SystemCapabilities = {
							com.apple.Keychain = {
								enabled = 1;
							};
						};
					};
					18A262DB1DB830FA002E32A2 = {
						CreatedOnToolsVersion = 8.0;
						DevelopmentTeam = V2686JM7D9;
						LastSwiftMigration = 0810;
						ProvisioningStyle = Automatic;
						TestTargetID = 18A262C41DB830FA002E32A2;
					};
					18A262E61DB830FA002E32A2 = {
						CreatedOnToolsVersion = 8.0;
						DevelopmentTeam = V2686JM7D9;
						LastSwiftMigration = 0810;
						ProvisioningStyle = Automatic;
						TestTargetID = 18A262C41DB830FA002E32A2;
					};
				};
			};
			buildConfigurationList = 18A262C01DB830FA002E32A2 /* Build configuration list for PBXProject "SAD" */;
			compatibilityVersion = "Xcode 3.2";
			developmentRegion = English;
			hasScannedForEncodings = 0;
			knownRegions = (
				en,
				Base,
			);
			mainGroup = 18A262BC1DB830FA002E32A2;
			productRefGroup = 18A262C61DB830FA002E32A2 /* Products */;
			projectDirPath = "";
			projectRoot = "";
			targets = (
				18A262C41DB830FA002E32A2 /* SAD */,
				18A262DB1DB830FA002E32A2 /* SADTests */,
				18A262E61DB830FA002E32A2 /* SADUITests */,
			);
		};
/* End PBXProject section */

/* Begin PBXResourcesBuildPhase section */
		18A262C31DB830FA002E32A2 /* Resources */ = {
			isa = PBXResourcesBuildPhase;
			buildActionMask = 2147483647;
			files = (
				18D393321DDE7ADE0037FA33 /* Icon-App-60x60@2x.png in Resources */,
				18D393391DDE7C7C0037FA33 /* Images-2.xcassets in Resources */,
				18D393331DDE7ADE0037FA33 /* Icon-App-60x60@3x.png in Resources */,
				18D3932F1DDE70910037FA33 /* iconSAD180x180.png in Resources */,
				18B1FD471DD754BC00E04F37 /* user.jpeg in Resources */,
				18D393351DDE7BF90037FA33 /* Icon-App-40x40@2x.png in Resources */,
				18D393371DDE7C3B0037FA33 /* Icon-App-29x29@3x.png in Resources */,
				18D393291DDE6E0A0037FA33 /* LaunchScreen.png in Resources */,
				180DA6E11DD6A1C10080FB47 /* Images.xcassets in Resources */,
				18A262D31DB830FA002E32A2 /* Assets.xcassets in Resources */,
				184F33A21DDD4F6600867076 /* LaunchScreen.storyboard in Resources */,
				18D3932E1DDE70910037FA33 /* iconSAD120x120.png in Resources */,
				18CA7F6F1DE5893D00B34821 /* up_red.png in Resources */,
				1815BA121DF34419008CED50 /* DetalheExameViewController.xib in Resources */,
				18A262CE1DB830FA002E32A2 /* Main.storyboard in Resources */,
				1815BA0B1DF30868008CED50 /* icon_pendencia.png in Resources */,
				1848E9861DE1469D00C5BC91 /* GoogleService-Info.plist in Resources */,
				18CA7F6E1DE5893D00B34821 /* down_red.png in Resources */,
			);
			runOnlyForDeploymentPostprocessing = 0;
		};
		18A262DA1DB830FA002E32A2 /* Resources */ = {
			isa = PBXResourcesBuildPhase;
			buildActionMask = 2147483647;
			files = (
			);
			runOnlyForDeploymentPostprocessing = 0;
		};
		18A262E51DB830FA002E32A2 /* Resources */ = {
			isa = PBXResourcesBuildPhase;
			buildActionMask = 2147483647;
			files = (
			);
			runOnlyForDeploymentPostprocessing = 0;
		};
/* End PBXResourcesBuildPhase section */

/* Begin PBXShellScriptBuildPhase section */
		3F68FFAC43ECE651FA16C37F /* [CP] Embed Pods Frameworks */ = {
			isa = PBXShellScriptBuildPhase;
			buildActionMask = 2147483647;
			files = (
			);
			inputPaths = (
			);
			name = "[CP] Embed Pods Frameworks";
			outputPaths = (
			);
			runOnlyForDeploymentPostprocessing = 0;
			shellPath = /bin/sh;
			shellScript = "\"${SRCROOT}/Pods/Target Support Files/Pods-SAD/Pods-SAD-frameworks.sh\"\n";
			showEnvVarsInLog = 0;
		};
		C393D3D1A54AF7C55B931EA6 /* [CP] Check Pods Manifest.lock */ = {
			isa = PBXShellScriptBuildPhase;
			buildActionMask = 2147483647;
			files = (
			);
			inputPaths = (
			);
			name = "[CP] Check Pods Manifest.lock";
			outputPaths = (
			);
			runOnlyForDeploymentPostprocessing = 0;
			shellPath = /bin/sh;
			shellScript = "diff \"${PODS_ROOT}/../Podfile.lock\" \"${PODS_ROOT}/Manifest.lock\" > /dev/null\nif [ $? != 0 ] ; then\n    # print error to STDERR\n    echo \"error: The sandbox is not in sync with the Podfile.lock. Run 'pod install' or update your CocoaPods installation.\" >&2\n    exit 1\nfi\n";
			showEnvVarsInLog = 0;
		};
		FDD079D022863E126834670A /* [CP] Copy Pods Resources */ = {
			isa = PBXShellScriptBuildPhase;
			buildActionMask = 2147483647;
			files = (
			);
			inputPaths = (
			);
			name = "[CP] Copy Pods Resources";
			outputPaths = (
			);
			runOnlyForDeploymentPostprocessing = 0;
			shellPath = /bin/sh;
			shellScript = "\"${SRCROOT}/Pods/Target Support Files/Pods-SAD/Pods-SAD-resources.sh\"\n";
			showEnvVarsInLog = 0;
		};
/* End PBXShellScriptBuildPhase section */

/* Begin PBXSourcesBuildPhase section */
		18A262C11DB830FA002E32A2 /* Sources */ = {
			isa = PBXSourcesBuildPhase;
			buildActionMask = 2147483647;
			files = (
				18B1FD431DD724A700E04F37 /* ConfiguracoesViewController.swift in Sources */,
				18B1FD451DD7507B00E04F37 /* UITextView+Designer.swift in Sources */,
				1848E98A1DE1503800C5BC91 /* DadosFirebase.swift in Sources */,
				18CA7F6A1DE5870A00B34821 /* Mensagens.swift in Sources */,
				188533041DCB453300173434 /* Usuario.swift in Sources */,
				18080BB71DB9A1A40040EF40 /* ViewController.swift in Sources */,
				18E93FBA1DD2BB22001A7D5F /* Glicemia.swift in Sources */,
				186564901DC97E7F0075FAAA /* Colors.swift in Sources */,
				18080BC11DB9AFCB0040EF40 /* ConsultarDadosViewController.swift in Sources */,
				18080BBF1DB9AF3C0040EF40 /* MenuViewController.swift in Sources */,
				1848E98C1DE1504F00C5BC91 /* Firebase.swift in Sources */,
				1815BA171DF3573A008CED50 /* DeatalheGlicemia.swift in Sources */,
				1815BA1D1DF4A5C8008CED50 /* RecuperarSenhaViewController.swift in Sources */,
				18A262D11DB830FA002E32A2 /* SAD.xcdatamodeld in Sources */,
				185A57081DE3D33100B8FE79 /* UsuarioFirebase.swift in Sources */,
				18A262C91DB830FA002E32A2 /* AppDelegate.swift in Sources */,
				1806C8D11DD569720097A198 /* UIView+Animation.swift in Sources */,
				18080BC31DB9B3CE0040EF40 /* DashboardViewController.swift in Sources */,
				185A57061DE3D32300B8FE79 /* ConfiguracaoFirebase.swift in Sources */,
				185A570A1DE3D35200B8FE79 /* GlicemiaFirebase.swift in Sources */,
				1815BA0E1DF33734008CED50 /* MenuEnum.swift in Sources */,
				1806C8CF1DD569400097A198 /* UIViewController+Keyboard.swift in Sources */,
				18C955031DE27E9D0041B44F /* Constants.swift in Sources */,
				1865648E1DC97D090075FAAA /* CadastrarUsuarioViewController.swift in Sources */,
				186564931DC987C60075FAAA /* Regex.swift in Sources */,
				1815BA1B1DF49F30008CED50 /* GraficoViewController.swift in Sources */,
				18E93FAF1DD2816B001A7D5F /* RealizarExameViewController.swift in Sources */,
				1815BA111DF34419008CED50 /* DetalheExameViewController.swift in Sources */,
				18E93FB81DD29C79001A7D5F /* Configuracao.swift in Sources */,
			);
			runOnlyForDeploymentPostprocessing = 0;
		};
		18A262D81DB830FA002E32A2 /* Sources */ = {
			isa = PBXSourcesBuildPhase;
			buildActionMask = 2147483647;
			files = (
				18A262E11DB830FA002E32A2 /* SADTests.swift in Sources */,
			);
			runOnlyForDeploymentPostprocessing = 0;
		};
		18A262E31DB830FA002E32A2 /* Sources */ = {
			isa = PBXSourcesBuildPhase;
			buildActionMask = 2147483647;
			files = (
				18A262EC1DB830FA002E32A2 /* SADUITests.swift in Sources */,
			);
			runOnlyForDeploymentPostprocessing = 0;
		};
/* End PBXSourcesBuildPhase section */

/* Begin PBXTargetDependency section */
		18A262DE1DB830FA002E32A2 /* PBXTargetDependency */ = {
			isa = PBXTargetDependency;
			target = 18A262C41DB830FA002E32A2 /* SAD */;
			targetProxy = 18A262DD1DB830FA002E32A2 /* PBXContainerItemProxy */;
		};
		18A262E91DB830FA002E32A2 /* PBXTargetDependency */ = {
			isa = PBXTargetDependency;
			target = 18A262C41DB830FA002E32A2 /* SAD */;
			targetProxy = 18A262E81DB830FA002E32A2 /* PBXContainerItemProxy */;
		};
/* End PBXTargetDependency section */

/* Begin PBXVariantGroup section */
		18A262CC1DB830FA002E32A2 /* Main.storyboard */ = {
			isa = PBXVariantGroup;
			children = (
				18A262CD1DB830FA002E32A2 /* Base */,
			);
			name = Main.storyboard;
			sourceTree = "<group>";
		};
/* End PBXVariantGroup section */

/* Begin XCBuildConfiguration section */
		18A262EE1DB830FA002E32A2 /* Debug */ = {
			isa = XCBuildConfiguration;
			buildSettings = {
				ALWAYS_SEARCH_USER_PATHS = NO;
				CLANG_ANALYZER_NONNULL = YES;
				CLANG_CXX_LANGUAGE_STANDARD = "gnu++0x";
				CLANG_CXX_LIBRARY = "libc++";
				CLANG_ENABLE_MODULES = YES;
				CLANG_ENABLE_OBJC_ARC = YES;
				CLANG_WARN_BOOL_CONVERSION = YES;
				CLANG_WARN_CONSTANT_CONVERSION = YES;
				CLANG_WARN_DIRECT_OBJC_ISA_USAGE = YES_ERROR;
				CLANG_WARN_DOCUMENTATION_COMMENTS = YES;
				CLANG_WARN_EMPTY_BODY = YES;
				CLANG_WARN_ENUM_CONVERSION = YES;
				CLANG_WARN_INFINITE_RECURSION = YES;
				CLANG_WARN_INT_CONVERSION = YES;
				CLANG_WARN_OBJC_ROOT_CLASS = YES_ERROR;
				CLANG_WARN_SUSPICIOUS_MOVE = YES;
				CLANG_WARN_SUSPICIOUS_MOVES = YES;
				CLANG_WARN_UNREACHABLE_CODE = YES;
				CLANG_WARN__DUPLICATE_METHOD_MATCH = YES;
				"CODE_SIGN_IDENTITY[sdk=iphoneos*]" = "iPhone Developer";
				COPY_PHASE_STRIP = NO;
				DEBUG_INFORMATION_FORMAT = dwarf;
				ENABLE_STRICT_OBJC_MSGSEND = YES;
				ENABLE_TESTABILITY = YES;
				GCC_C_LANGUAGE_STANDARD = gnu99;
				GCC_DYNAMIC_NO_PIC = NO;
				GCC_NO_COMMON_BLOCKS = YES;
				GCC_OPTIMIZATION_LEVEL = 0;
				GCC_PREPROCESSOR_DEFINITIONS = (
					"DEBUG=1",
					"$(inherited)",
				);
				GCC_WARN_64_TO_32_BIT_CONVERSION = YES;
				GCC_WARN_ABOUT_RETURN_TYPE = YES_ERROR;
				GCC_WARN_UNDECLARED_SELECTOR = YES;
				GCC_WARN_UNINITIALIZED_AUTOS = YES_AGGRESSIVE;
				GCC_WARN_UNUSED_FUNCTION = YES;
				GCC_WARN_UNUSED_VARIABLE = YES;
				IPHONEOS_DEPLOYMENT_TARGET = 10.0;
				MTL_ENABLE_DEBUG_INFO = YES;
				ONLY_ACTIVE_ARCH = YES;
				SDKROOT = iphoneos;
				SWIFT_ACTIVE_COMPILATION_CONDITIONS = DEBUG;
				SWIFT_OPTIMIZATION_LEVEL = "-Onone";
			};
			name = Debug;
		};
		18A262EF1DB830FA002E32A2 /* Release */ = {
			isa = XCBuildConfiguration;
			buildSettings = {
				ALWAYS_SEARCH_USER_PATHS = NO;
				CLANG_ANALYZER_NONNULL = YES;
				CLANG_CXX_LANGUAGE_STANDARD = "gnu++0x";
				CLANG_CXX_LIBRARY = "libc++";
				CLANG_ENABLE_MODULES = YES;
				CLANG_ENABLE_OBJC_ARC = YES;
				CLANG_WARN_BOOL_CONVERSION = YES;
				CLANG_WARN_CONSTANT_CONVERSION = YES;
				CLANG_WARN_DIRECT_OBJC_ISA_USAGE = YES_ERROR;
				CLANG_WARN_DOCUMENTATION_COMMENTS = YES;
				CLANG_WARN_EMPTY_BODY = YES;
				CLANG_WARN_ENUM_CONVERSION = YES;
				CLANG_WARN_INFINITE_RECURSION = YES;
				CLANG_WARN_INT_CONVERSION = YES;
				CLANG_WARN_OBJC_ROOT_CLASS = YES_ERROR;
				CLANG_WARN_SUSPICIOUS_MOVE = YES;
				CLANG_WARN_SUSPICIOUS_MOVES = YES;
				CLANG_WARN_UNREACHABLE_CODE = YES;
				CLANG_WARN__DUPLICATE_METHOD_MATCH = YES;
				"CODE_SIGN_IDENTITY[sdk=iphoneos*]" = "iPhone Developer";
				COPY_PHASE_STRIP = NO;
				DEBUG_INFORMATION_FORMAT = "dwarf-with-dsym";
				ENABLE_NS_ASSERTIONS = NO;
				ENABLE_STRICT_OBJC_MSGSEND = YES;
				GCC_C_LANGUAGE_STANDARD = gnu99;
				GCC_NO_COMMON_BLOCKS = YES;
				GCC_WARN_64_TO_32_BIT_CONVERSION = YES;
				GCC_WARN_ABOUT_RETURN_TYPE = YES_ERROR;
				GCC_WARN_UNDECLARED_SELECTOR = YES;
				GCC_WARN_UNINITIALIZED_AUTOS = YES_AGGRESSIVE;
				GCC_WARN_UNUSED_FUNCTION = YES;
				GCC_WARN_UNUSED_VARIABLE = YES;
				IPHONEOS_DEPLOYMENT_TARGET = 10.0;
				MTL_ENABLE_DEBUG_INFO = NO;
				SDKROOT = iphoneos;
				SWIFT_OPTIMIZATION_LEVEL = "-Owholemodule";
				VALIDATE_PRODUCT = YES;
			};
			name = Release;
		};
		18A262F11DB830FA002E32A2 /* Debug */ = {
			isa = XCBuildConfiguration;
			baseConfigurationReference = 7BD6F7476616DA782F7AC6B6 /* Pods-SAD.debug.xcconfig */;
			buildSettings = {
				ALWAYS_EMBED_SWIFT_STANDARD_LIBRARIES = YES;
				ASSETCATALOG_COMPILER_APPICON_NAME = "AppIcon-2";
				ASSETCATALOG_COMPILER_LAUNCHIMAGE_NAME = "LaunchImage-3";
				CODE_SIGN_ENTITLEMENTS = SAD/SAD.entitlements;
				DEVELOPMENT_TEAM = V2686JM7D9;
				FRAMEWORK_SEARCH_PATHS = (
					"$(inherited)",
					"$(PROJECT_DIR)/build/Debug-iphoneos/RealmSwift",
				);
				INFOPLIST_FILE = SAD/Info.plist;
				LD_RUNPATH_SEARCH_PATHS = "$(inherited) @executable_path/Frameworks";
				PRODUCT_BUNDLE_IDENTIFIER = br.com.mfelipesp.SAD;
				PRODUCT_NAME = "$(TARGET_NAME)";
				SWIFT_VERSION = 3.0;
			};
			name = Debug;
		};
		18A262F21DB830FA002E32A2 /* Release */ = {
			isa = XCBuildConfiguration;
			baseConfigurationReference = 152410F97D523398FC241BBD /* Pods-SAD.release.xcconfig */;
			buildSettings = {
				ALWAYS_EMBED_SWIFT_STANDARD_LIBRARIES = YES;
				ASSETCATALOG_COMPILER_APPICON_NAME = "AppIcon-2";
				ASSETCATALOG_COMPILER_LAUNCHIMAGE_NAME = "LaunchImage-3";
				CODE_SIGN_ENTITLEMENTS = SAD/SAD.entitlements;
				DEVELOPMENT_TEAM = V2686JM7D9;
				FRAMEWORK_SEARCH_PATHS = (
					"$(inherited)",
					"$(PROJECT_DIR)/build/Debug-iphoneos/RealmSwift",
				);
				INFOPLIST_FILE = SAD/Info.plist;
				LD_RUNPATH_SEARCH_PATHS = "$(inherited) @executable_path/Frameworks";
				PRODUCT_BUNDLE_IDENTIFIER = br.com.mfelipesp.SAD;
				PRODUCT_NAME = "$(TARGET_NAME)";
				SWIFT_VERSION = 3.0;
			};
			name = Release;
		};
		18A262F41DB830FA002E32A2 /* Debug */ = {
			isa = XCBuildConfiguration;
			buildSettings = {
				ALWAYS_EMBED_SWIFT_STANDARD_LIBRARIES = YES;
				BUNDLE_LOADER = "$(TEST_HOST)";
				DEVELOPMENT_TEAM = V2686JM7D9;
				INFOPLIST_FILE = SADTests/Info.plist;
				LD_RUNPATH_SEARCH_PATHS = "$(inherited) @executable_path/Frameworks @loader_path/Frameworks";
				PRODUCT_BUNDLE_IDENTIFIER = br.com.mfelipesp.SADTests;
				PRODUCT_NAME = "$(TARGET_NAME)";
				SWIFT_VERSION = 3.0;
				TEST_HOST = "$(BUILT_PRODUCTS_DIR)/SAD.app/SAD";
			};
			name = Debug;
		};
		18A262F51DB830FA002E32A2 /* Release */ = {
			isa = XCBuildConfiguration;
			buildSettings = {
				ALWAYS_EMBED_SWIFT_STANDARD_LIBRARIES = YES;
				BUNDLE_LOADER = "$(TEST_HOST)";
				DEVELOPMENT_TEAM = V2686JM7D9;
				INFOPLIST_FILE = SADTests/Info.plist;
				LD_RUNPATH_SEARCH_PATHS = "$(inherited) @executable_path/Frameworks @loader_path/Frameworks";
				PRODUCT_BUNDLE_IDENTIFIER = br.com.mfelipesp.SADTests;
				PRODUCT_NAME = "$(TARGET_NAME)";
				SWIFT_VERSION = 3.0;
				TEST_HOST = "$(BUILT_PRODUCTS_DIR)/SAD.app/SAD";
			};
			name = Release;
		};
		18A262F71DB830FA002E32A2 /* Debug */ = {
			isa = XCBuildConfiguration;
			buildSettings = {
				ALWAYS_EMBED_SWIFT_STANDARD_LIBRARIES = YES;
				DEVELOPMENT_TEAM = V2686JM7D9;
				INFOPLIST_FILE = SADUITests/Info.plist;
				LD_RUNPATH_SEARCH_PATHS = "$(inherited) @executable_path/Frameworks @loader_path/Frameworks";
				PRODUCT_BUNDLE_IDENTIFIER = br.com.mfelipesp.SADUITests;
				PRODUCT_NAME = "$(TARGET_NAME)";
				SWIFT_VERSION = 3.0;
				TEST_TARGET_NAME = SAD;
			};
			name = Debug;
		};
		18A262F81DB830FA002E32A2 /* Release */ = {
			isa = XCBuildConfiguration;
			buildSettings = {
				ALWAYS_EMBED_SWIFT_STANDARD_LIBRARIES = YES;
				DEVELOPMENT_TEAM = V2686JM7D9;
				INFOPLIST_FILE = SADUITests/Info.plist;
				LD_RUNPATH_SEARCH_PATHS = "$(inherited) @executable_path/Frameworks @loader_path/Frameworks";
				PRODUCT_BUNDLE_IDENTIFIER = br.com.mfelipesp.SADUITests;
				PRODUCT_NAME = "$(TARGET_NAME)";
				SWIFT_VERSION = 3.0;
				TEST_TARGET_NAME = SAD;
			};
			name = Release;
		};
/* End XCBuildConfiguration section */

/* Begin XCConfigurationList section */
		18A262C01DB830FA002E32A2 /* Build configuration list for PBXProject "SAD" */ = {
			isa = XCConfigurationList;
			buildConfigurations = (
				18A262EE1DB830FA002E32A2 /* Debug */,
				18A262EF1DB830FA002E32A2 /* Release */,
			);
			defaultConfigurationIsVisible = 0;
			defaultConfigurationName = Release;
		};
		18A262F01DB830FA002E32A2 /* Build configuration list for PBXNativeTarget "SAD" */ = {
			isa = XCConfigurationList;
			buildConfigurations = (
				18A262F11DB830FA002E32A2 /* Debug */,
				18A262F21DB830FA002E32A2 /* Release */,
			);
			defaultConfigurationIsVisible = 0;
			defaultConfigurationName = Release;
		};
		18A262F31DB830FA002E32A2 /* Build configuration list for PBXNativeTarget "SADTests" */ = {
			isa = XCConfigurationList;
			buildConfigurations = (
				18A262F41DB830FA002E32A2 /* Debug */,
				18A262F51DB830FA002E32A2 /* Release */,
			);
			defaultConfigurationIsVisible = 0;
			defaultConfigurationName = Release;
		};
		18A262F61DB830FA002E32A2 /* Build configuration list for PBXNativeTarget "SADUITests" */ = {
			isa = XCConfigurationList;
			buildConfigurations = (
				18A262F71DB830FA002E32A2 /* Debug */,
				18A262F81DB830FA002E32A2 /* Release */,
			);
			defaultConfigurationIsVisible = 0;
			defaultConfigurationName = Release;
		};
/* End XCConfigurationList section */

/* Begin XCVersionGroup section */
		18A262CF1DB830FA002E32A2 /* SAD.xcdatamodeld */ = {
			isa = XCVersionGroup;
			children = (
				18A262D01DB830FA002E32A2 /* SAD.xcdatamodel */,
			);
			currentVersion = 18A262D01DB830FA002E32A2 /* SAD.xcdatamodel */;
			path = SAD.xcdatamodeld;
			sourceTree = "<group>";
			versionGroupType = wrapper.xcdatamodel;
		};
/* End XCVersionGroup section */
	};
	rootObject = 18A262BD1DB830FA002E32A2 /* Project object */;
}
